{
    "_meta": {
        "hash": {
            "sha256": "7f744021dd16c2bc896b8dd169a4bdcc5004f870472908cf313be92741e2e14b"
        },
        "pipfile-spec": 6,
        "requires": {
            "python_version": "3.7"
        },
        "sources": [
            {
                "name": "pypi",
                "url": "https://pypi.org/simple",
                "verify_ssl": true
            }
        ]
    },
    "default": {
        "aenum": {
            "hashes": [
                "sha256:1f92fb906e3d745064e85f9a1937006ee341e00a35ecd8b7f899041b8e1d67d7",
                "sha256:87f0e9ef4f828578ab06af30e4d7944043bf4ecd3f4b7bd1cbe37e2173cde94a",
                "sha256:f8401f1a258436719ed013444ab37ff22a72517e0e3097058dd1511cf284447c"
            ],
            "version": "==3.1.0"
        },
        "python-can": {
            "hashes": [
                "sha256:2d3c223b7adc4dd46ce258d4a33b7e0dbb6c339e002faa40ee4a69d5fdce9449"
            ],
            "index": "pypi",
            "version": "==3.3.4"
        },
        "wrapt": {
            "hashes": [
                "sha256:b62ffa81fb85f4332a4f609cab4ac40709470da05643a082ec1eb88e6d9b97d7"
            ],
            "version": "==1.12.1"
        }
    },
    "develop": {}
}
